// !$*UTF8*$!
{
	archiveVersion = 1;
	classes = {
	};
	objectVersion = 54;
	objects = {

/* Begin PBXBuildFile section */
		3AF67A5C25A64DBD00D360A7 /* VideoPlayerSwiftUIApp.swift in Sources */ = {isa = PBXBuildFile; fileRef = 3AF67A5B25A64DBD00D360A7 /* VideoPlayerSwiftUIApp.swift */; };
		3AF67A6025A64DBF00D360A7 /* Assets.xcassets in Resources */ = {isa = PBXBuildFile; fileRef = 3AF67A5F25A64DBF00D360A7 /* Assets.xcassets */; };
		3AF67A6325A64DBF00D360A7 /* Preview Assets.xcassets in Resources */ = {isa = PBXBuildFile; fileRef = 3AF67A6225A64DBF00D360A7 /* Preview Assets.xcassets */; };
		3AF67A6E25A64DBF00D360A7 /* VideoPlayerSwiftUITests.swift in Sources */ = {isa = PBXBuildFile; fileRef = 3AF67A6D25A64DBF00D360A7 /* VideoPlayerSwiftUITests.swift */; };
		3AF67A7925A64DBF00D360A7 /* VideoPlayerSwiftUIUITests.swift in Sources */ = {isa = PBXBuildFile; fileRef = 3AF67A7825A64DBF00D360A7 /* VideoPlayerSwiftUIUITests.swift */; };
		C20EBD0F2B52226300DC3AE5 /* SOVideo.swift in Sources */ = {isa = PBXBuildFile; fileRef = C20EBD0E2B52226300DC3AE5 /* SOVideo.swift */; };
		C20EBD112B52270700DC3AE5 /* HttpClient.swift in Sources */ = {isa = PBXBuildFile; fileRef = C20EBD102B52270700DC3AE5 /* HttpClient.swift */; };
		C20EBD132B52273400DC3AE5 /* APIError.swift in Sources */ = {isa = PBXBuildFile; fileRef = C20EBD122B52273400DC3AE5 /* APIError.swift */; };
		C20EBD162B5228E200DC3AE5 /* URLEndPoint.swift in Sources */ = {isa = PBXBuildFile; fileRef = C20EBD152B5228E200DC3AE5 /* URLEndPoint.swift */; };
		C20EBD182B52291300DC3AE5 /* AppEndPoint.swift in Sources */ = {isa = PBXBuildFile; fileRef = C20EBD172B52291300DC3AE5 /* AppEndPoint.swift */; };
		C20EBD1B2B522C5F00DC3AE5 /* VideosClient.swift in Sources */ = {isa = PBXBuildFile; fileRef = C20EBD1A2B522C5F00DC3AE5 /* VideosClient.swift */; };
		C20EBD1D2B522E5300DC3AE5 /* EndPointTests.swift in Sources */ = {isa = PBXBuildFile; fileRef = C20EBD1C2B522E5300DC3AE5 /* EndPointTests.swift */; };
		C20EBD1F2B5230A000DC3AE5 /* VideosClientTests.swift in Sources */ = {isa = PBXBuildFile; fileRef = C20EBD1E2B5230A000DC3AE5 /* VideosClientTests.swift */; };
		C2D7918A2B5302F000D844FE /* VideoService.swift in Sources */ = {isa = PBXBuildFile; fileRef = C2D791892B5302F000D844FE /* VideoService.swift */; };
		C2D7918C2B5304A300D844FE /* VideosListViewModel.swift in Sources */ = {isa = PBXBuildFile; fileRef = C2D7918B2B5304A300D844FE /* VideosListViewModel.swift */; };
		C2D7918F2B5305AA00D844FE /* LoadingState.swift in Sources */ = {isa = PBXBuildFile; fileRef = C2D7918E2B5305AA00D844FE /* LoadingState.swift */; };
		C2D791912B53076000D844FE /* StringExtensions.swift in Sources */ = {isa = PBXBuildFile; fileRef = C2D791902B53076000D844FE /* StringExtensions.swift */; };
		C2D791932B53120A00D844FE /* VideosListView.swift in Sources */ = {isa = PBXBuildFile; fileRef = C2D791922B53120A00D844FE /* VideosListView.swift */; };
		C2D791962B5314D500D844FE /* MarkdownUI in Frameworks */ = {isa = PBXBuildFile; productRef = C2D791952B5314D500D844FE /* MarkdownUI */; };
		C2D791992B53252C00D844FE /* SOPlayerView.swift in Sources */ = {isa = PBXBuildFile; fileRef = C2D791982B53252C00D844FE /* SOPlayerView.swift */; };
		C2D7919B2B533EB900D844FE /* VideosListViewModelTests.swift in Sources */ = {isa = PBXBuildFile; fileRef = C2D7919A2B533EB900D844FE /* VideosListViewModelTests.swift */; };
/* End PBXBuildFile section */

/* Begin PBXContainerItemProxy section */
		3AF67A6A25A64DBF00D360A7 /* PBXContainerItemProxy */ = {
			isa = PBXContainerItemProxy;
			containerPortal = 3AF67A5025A64DBD00D360A7 /* Project object */;
			proxyType = 1;
			remoteGlobalIDString = 3AF67A5725A64DBD00D360A7;
			remoteInfo = VideoPlayerSwiftUI;
		};
		3AF67A7525A64DBF00D360A7 /* PBXContainerItemProxy */ = {
			isa = PBXContainerItemProxy;
			containerPortal = 3AF67A5025A64DBD00D360A7 /* Project object */;
			proxyType = 1;
			remoteGlobalIDString = 3AF67A5725A64DBD00D360A7;
			remoteInfo = VideoPlayerSwiftUI;
		};
/* End PBXContainerItemProxy section */

/* Begin PBXFileReference section */
		3AF67A5825A64DBD00D360A7 /* VideoPlayerSwiftUI.app */ = {isa = PBXFileReference; explicitFileType = wrapper.application; includeInIndex = 0; path = VideoPlayerSwiftUI.app; sourceTree = BUILT_PRODUCTS_DIR; };
		3AF67A5B25A64DBD00D360A7 /* VideoPlayerSwiftUIApp.swift */ = {isa = PBXFileReference; lastKnownFileType = sourcecode.swift; path = VideoPlayerSwiftUIApp.swift; sourceTree = "<group>"; };
		3AF67A5F25A64DBF00D360A7 /* Assets.xcassets */ = {isa = PBXFileReference; lastKnownFileType = folder.assetcatalog; path = Assets.xcassets; sourceTree = "<group>"; };
		3AF67A6225A64DBF00D360A7 /* Preview Assets.xcassets */ = {isa = PBXFileReference; lastKnownFileType = folder.assetcatalog; path = "Preview Assets.xcassets"; sourceTree = "<group>"; };
		3AF67A6425A64DBF00D360A7 /* Info.plist */ = {isa = PBXFileReference; lastKnownFileType = text.plist.xml; path = Info.plist; sourceTree = "<group>"; };
		3AF67A6925A64DBF00D360A7 /* VideoPlayerSwiftUITests.xctest */ = {isa = PBXFileReference; explicitFileType = wrapper.cfbundle; includeInIndex = 0; path = VideoPlayerSwiftUITests.xctest; sourceTree = BUILT_PRODUCTS_DIR; };
		3AF67A6D25A64DBF00D360A7 /* VideoPlayerSwiftUITests.swift */ = {isa = PBXFileReference; lastKnownFileType = sourcecode.swift; path = VideoPlayerSwiftUITests.swift; sourceTree = "<group>"; };
		3AF67A6F25A64DBF00D360A7 /* Info.plist */ = {isa = PBXFileReference; lastKnownFileType = text.plist.xml; path = Info.plist; sourceTree = "<group>"; };
		3AF67A7425A64DBF00D360A7 /* VideoPlayerSwiftUIUITests.xctest */ = {isa = PBXFileReference; explicitFileType = wrapper.cfbundle; includeInIndex = 0; path = VideoPlayerSwiftUIUITests.xctest; sourceTree = BUILT_PRODUCTS_DIR; };
		3AF67A7825A64DBF00D360A7 /* VideoPlayerSwiftUIUITests.swift */ = {isa = PBXFileReference; lastKnownFileType = sourcecode.swift; path = VideoPlayerSwiftUIUITests.swift; sourceTree = "<group>"; };
		3AF67A7A25A64DBF00D360A7 /* Info.plist */ = {isa = PBXFileReference; lastKnownFileType = text.plist.xml; path = Info.plist; sourceTree = "<group>"; };
		C20EBD0E2B52226300DC3AE5 /* SOVideo.swift */ = {isa = PBXFileReference; lastKnownFileType = sourcecode.swift; path = SOVideo.swift; sourceTree = "<group>"; };
		C20EBD102B52270700DC3AE5 /* HttpClient.swift */ = {isa = PBXFileReference; lastKnownFileType = sourcecode.swift; path = HttpClient.swift; sourceTree = "<group>"; };
		C20EBD122B52273400DC3AE5 /* APIError.swift */ = {isa = PBXFileReference; lastKnownFileType = sourcecode.swift; path = APIError.swift; sourceTree = "<group>"; };
		C20EBD152B5228E200DC3AE5 /* URLEndPoint.swift */ = {isa = PBXFileReference; lastKnownFileType = sourcecode.swift; path = URLEndPoint.swift; sourceTree = "<group>"; };
		C20EBD172B52291300DC3AE5 /* AppEndPoint.swift */ = {isa = PBXFileReference; lastKnownFileType = sourcecode.swift; path = AppEndPoint.swift; sourceTree = "<group>"; };
		C20EBD1A2B522C5F00DC3AE5 /* VideosClient.swift */ = {isa = PBXFileReference; lastKnownFileType = sourcecode.swift; path = VideosClient.swift; sourceTree = "<group>"; };
		C20EBD1C2B522E5300DC3AE5 /* EndPointTests.swift */ = {isa = PBXFileReference; lastKnownFileType = sourcecode.swift; path = EndPointTests.swift; sourceTree = "<group>"; };
		C20EBD1E2B5230A000DC3AE5 /* VideosClientTests.swift */ = {isa = PBXFileReference; lastKnownFileType = sourcecode.swift; path = VideosClientTests.swift; sourceTree = "<group>"; };
		C2D791892B5302F000D844FE /* VideoService.swift */ = {isa = PBXFileReference; lastKnownFileType = sourcecode.swift; path = VideoService.swift; sourceTree = "<group>"; };
		C2D7918B2B5304A300D844FE /* VideosListViewModel.swift */ = {isa = PBXFileReference; lastKnownFileType = sourcecode.swift; path = VideosListViewModel.swift; sourceTree = "<group>"; };
		C2D7918E2B5305AA00D844FE /* LoadingState.swift */ = {isa = PBXFileReference; lastKnownFileType = sourcecode.swift; path = LoadingState.swift; sourceTree = "<group>"; };
		C2D791902B53076000D844FE /* StringExtensions.swift */ = {isa = PBXFileReference; lastKnownFileType = sourcecode.swift; path = StringExtensions.swift; sourceTree = "<group>"; };
		C2D791922B53120A00D844FE /* VideosListView.swift */ = {isa = PBXFileReference; lastKnownFileType = sourcecode.swift; path = VideosListView.swift; sourceTree = "<group>"; };
		C2D791982B53252C00D844FE /* SOPlayerView.swift */ = {isa = PBXFileReference; lastKnownFileType = sourcecode.swift; path = SOPlayerView.swift; sourceTree = "<group>"; };
		C2D7919A2B533EB900D844FE /* VideosListViewModelTests.swift */ = {isa = PBXFileReference; lastKnownFileType = sourcecode.swift; path = VideosListViewModelTests.swift; sourceTree = "<group>"; };
/* End PBXFileReference section */

/* Begin PBXFrameworksBuildPhase section */
		3AF67A5525A64DBD00D360A7 /* Frameworks */ = {
			isa = PBXFrameworksBuildPhase;
			buildActionMask = 2147483647;
			files = (
				C2D791962B5314D500D844FE /* MarkdownUI in Frameworks */,
			);
			runOnlyForDeploymentPostprocessing = 0;
		};
		3AF67A6625A64DBF00D360A7 /* Frameworks */ = {
			isa = PBXFrameworksBuildPhase;
			buildActionMask = 2147483647;
			files = (
			);
			runOnlyForDeploymentPostprocessing = 0;
		};
		3AF67A7125A64DBF00D360A7 /* Frameworks */ = {
			isa = PBXFrameworksBuildPhase;
			buildActionMask = 2147483647;
			files = (
			);
			runOnlyForDeploymentPostprocessing = 0;
		};
/* End PBXFrameworksBuildPhase section */

/* Begin PBXGroup section */
		3AF67A4F25A64DBD00D360A7 = {
			isa = PBXGroup;
			children = (
				3AF67A5A25A64DBD00D360A7 /* VideoPlayerSwiftUI */,
				3AF67A6C25A64DBF00D360A7 /* VideoPlayerSwiftUITests */,
				3AF67A7725A64DBF00D360A7 /* VideoPlayerSwiftUIUITests */,
				3AF67A5925A64DBD00D360A7 /* Products */,
			);
			sourceTree = "<group>";
		};
		3AF67A5925A64DBD00D360A7 /* Products */ = {
			isa = PBXGroup;
			children = (
				3AF67A5825A64DBD00D360A7 /* VideoPlayerSwiftUI.app */,
				3AF67A6925A64DBF00D360A7 /* VideoPlayerSwiftUITests.xctest */,
				3AF67A7425A64DBF00D360A7 /* VideoPlayerSwiftUIUITests.xctest */,
			);
			name = Products;
			sourceTree = "<group>";
		};
		3AF67A5A25A64DBD00D360A7 /* VideoPlayerSwiftUI */ = {
			isa = PBXGroup;
			children = (
				C20EBD0B2B52212F00DC3AE5 /* Videos */,
				C2D791972B53251500D844FE /* Custom Views */,
				C2D7918D2B53059100D844FE /* Helpers */,
				C20EBD072B5220E900DC3AE5 /* Model */,
				C20EBD0D2B52217700DC3AE5 /* Extensions */,
				C20EBD0C2B52214700DC3AE5 /* Service */,
				C20EBD0A2B52211800DC3AE5 /* Network */,
				3AF67A5B25A64DBD00D360A7 /* VideoPlayerSwiftUIApp.swift */,
				3AF67A5F25A64DBF00D360A7 /* Assets.xcassets */,
				3AF67A6425A64DBF00D360A7 /* Info.plist */,
				3AF67A6125A64DBF00D360A7 /* Preview Content */,
			);
			path = VideoPlayerSwiftUI;
			sourceTree = "<group>";
		};
		3AF67A6125A64DBF00D360A7 /* Preview Content */ = {
			isa = PBXGroup;
			children = (
				3AF67A6225A64DBF00D360A7 /* Preview Assets.xcassets */,
			);
			path = "Preview Content";
			sourceTree = "<group>";
		};
		3AF67A6C25A64DBF00D360A7 /* VideoPlayerSwiftUITests */ = {
			isa = PBXGroup;
			children = (
				3AF67A6D25A64DBF00D360A7 /* VideoPlayerSwiftUITests.swift */,
				C2D7919A2B533EB900D844FE /* VideosListViewModelTests.swift */,
				C20EBD1C2B522E5300DC3AE5 /* EndPointTests.swift */,
				C20EBD1E2B5230A000DC3AE5 /* VideosClientTests.swift */,
				3AF67A6F25A64DBF00D360A7 /* Info.plist */,
			);
			path = VideoPlayerSwiftUITests;
			sourceTree = "<group>";
		};
		3AF67A7725A64DBF00D360A7 /* VideoPlayerSwiftUIUITests */ = {
			isa = PBXGroup;
			children = (
				3AF67A7825A64DBF00D360A7 /* VideoPlayerSwiftUIUITests.swift */,
				3AF67A7A25A64DBF00D360A7 /* Info.plist */,
			);
			path = VideoPlayerSwiftUIUITests;
			sourceTree = "<group>";
		};
		C20EBD072B5220E900DC3AE5 /* Model */ = {
			isa = PBXGroup;
			children = (
				C20EBD0E2B52226300DC3AE5 /* SOVideo.swift */,
			);
			path = Model;
			sourceTree = "<group>";
		};
		C20EBD0A2B52211800DC3AE5 /* Network */ = {
			isa = PBXGroup;
			children = (
				C2D791882B5302BB00D844FE /* Clients */,
				C20EBD142B5228C700DC3AE5 /* EndPoint */,
				C20EBD102B52270700DC3AE5 /* HttpClient.swift */,
				C20EBD122B52273400DC3AE5 /* APIError.swift */,
			);
			path = Network;
			sourceTree = "<group>";
		};
		C20EBD0B2B52212F00DC3AE5 /* Videos */ = {
			isa = PBXGroup;
			children = (
				C2D7918B2B5304A300D844FE /* VideosListViewModel.swift */,
				C2D791922B53120A00D844FE /* VideosListView.swift */,
			);
			path = Videos;
			sourceTree = "<group>";
		};
		C20EBD0C2B52214700DC3AE5 /* Service */ = {
			isa = PBXGroup;
			children = (
				C2D791892B5302F000D844FE /* VideoService.swift */,
			);
			path = Service;
			sourceTree = "<group>";
		};
		C20EBD0D2B52217700DC3AE5 /* Extensions */ = {
			isa = PBXGroup;
			children = (
				C2D791902B53076000D844FE /* StringExtensions.swift */,
			);
			path = Extensions;
			sourceTree = "<group>";
		};
		C20EBD142B5228C700DC3AE5 /* EndPoint */ = {
			isa = PBXGroup;
			children = (
				C20EBD152B5228E200DC3AE5 /* URLEndPoint.swift */,
				C20EBD172B52291300DC3AE5 /* AppEndPoint.swift */,
			);
			path = EndPoint;
			sourceTree = "<group>";
		};
		C2D791882B5302BB00D844FE /* Clients */ = {
			isa = PBXGroup;
			children = (
				C20EBD1A2B522C5F00DC3AE5 /* VideosClient.swift */,
			);
			path = Clients;
			sourceTree = "<group>";
		};
		C2D7918D2B53059100D844FE /* Helpers */ = {
			isa = PBXGroup;
			children = (
				C2D7918E2B5305AA00D844FE /* LoadingState.swift */,
			);
			path = Helpers;
			sourceTree = "<group>";
		};
		C2D791972B53251500D844FE /* Custom Views */ = {
			isa = PBXGroup;
			children = (
				C2D791982B53252C00D844FE /* SOPlayerView.swift */,
			);
			path = "Custom Views";
			sourceTree = "<group>";
		};
/* End PBXGroup section */

/* Begin PBXNativeTarget section */
		3AF67A5725A64DBD00D360A7 /* VideoPlayerSwiftUI */ = {
			isa = PBXNativeTarget;
			buildConfigurationList = 3AF67A7D25A64DBF00D360A7 /* Build configuration list for PBXNativeTarget "VideoPlayerSwiftUI" */;
			buildPhases = (
				3AF67A5425A64DBD00D360A7 /* Sources */,
				C20EBD192B522B3C00DC3AE5 /* ShellScript */,
				3AF67A5525A64DBD00D360A7 /* Frameworks */,
				3AF67A5625A64DBD00D360A7 /* Resources */,
			);
			buildRules = (
			);
			dependencies = (
			);
			name = VideoPlayerSwiftUI;
			packageProductDependencies = (
				C2D791952B5314D500D844FE /* MarkdownUI */,
			);
			productName = VideoPlayerSwiftUI;
			productReference = 3AF67A5825A64DBD00D360A7 /* VideoPlayerSwiftUI.app */;
			productType = "com.apple.product-type.application";
		};
		3AF67A6825A64DBF00D360A7 /* VideoPlayerSwiftUITests */ = {
			isa = PBXNativeTarget;
			buildConfigurationList = 3AF67A8025A64DBF00D360A7 /* Build configuration list for PBXNativeTarget "VideoPlayerSwiftUITests" */;
			buildPhases = (
				3AF67A6525A64DBF00D360A7 /* Sources */,
				3AF67A6625A64DBF00D360A7 /* Frameworks */,
				3AF67A6725A64DBF00D360A7 /* Resources */,
			);
			buildRules = (
			);
			dependencies = (
				3AF67A6B25A64DBF00D360A7 /* PBXTargetDependency */,
			);
			name = VideoPlayerSwiftUITests;
			productName = VideoPlayerSwiftUITests;
			productReference = 3AF67A6925A64DBF00D360A7 /* VideoPlayerSwiftUITests.xctest */;
			productType = "com.apple.product-type.bundle.unit-test";
		};
		3AF67A7325A64DBF00D360A7 /* VideoPlayerSwiftUIUITests */ = {
			isa = PBXNativeTarget;
			buildConfigurationList = 3AF67A8325A64DBF00D360A7 /* Build configuration list for PBXNativeTarget "VideoPlayerSwiftUIUITests" */;
			buildPhases = (
				3AF67A7025A64DBF00D360A7 /* Sources */,
				3AF67A7125A64DBF00D360A7 /* Frameworks */,
				3AF67A7225A64DBF00D360A7 /* Resources */,
			);
			buildRules = (
			);
			dependencies = (
				3AF67A7625A64DBF00D360A7 /* PBXTargetDependency */,
			);
			name = VideoPlayerSwiftUIUITests;
			productName = VideoPlayerSwiftUIUITests;
			productReference = 3AF67A7425A64DBF00D360A7 /* VideoPlayerSwiftUIUITests.xctest */;
			productType = "com.apple.product-type.bundle.ui-testing";
		};
/* End PBXNativeTarget section */

/* Begin PBXProject section */
		3AF67A5025A64DBD00D360A7 /* Project object */ = {
			isa = PBXProject;
			attributes = {
				LastSwiftUpdateCheck = 1210;
				LastUpgradeCheck = 1210;
				TargetAttributes = {
					3AF67A5725A64DBD00D360A7 = {
						CreatedOnToolsVersion = 12.1;
					};
					3AF67A6825A64DBF00D360A7 = {
						CreatedOnToolsVersion = 12.1;
						TestTargetID = 3AF67A5725A64DBD00D360A7;
					};
					3AF67A7325A64DBF00D360A7 = {
						CreatedOnToolsVersion = 12.1;
						TestTargetID = 3AF67A5725A64DBD00D360A7;
					};
				};
			};
			buildConfigurationList = 3AF67A5325A64DBD00D360A7 /* Build configuration list for PBXProject "VideoPlayerSwiftUI" */;
			compatibilityVersion = "Xcode 9.3";
			developmentRegion = en;
			hasScannedForEncodings = 0;
			knownRegions = (
				en,
				Base,
			);
			mainGroup = 3AF67A4F25A64DBD00D360A7;
			packageReferences = (
				C2D791942B5314D500D844FE /* XCRemoteSwiftPackageReference "swift-markdown-ui" */,
			);
			productRefGroup = 3AF67A5925A64DBD00D360A7 /* Products */;
			projectDirPath = "";
			projectRoot = "";
			targets = (
				3AF67A5725A64DBD00D360A7 /* VideoPlayerSwiftUI */,
				3AF67A6825A64DBF00D360A7 /* VideoPlayerSwiftUITests */,
				3AF67A7325A64DBF00D360A7 /* VideoPlayerSwiftUIUITests */,
			);
		};
/* End PBXProject section */

/* Begin PBXResourcesBuildPhase section */
		3AF67A5625A64DBD00D360A7 /* Resources */ = {
			isa = PBXResourcesBuildPhase;
			buildActionMask = 2147483647;
			files = (
				3AF67A6325A64DBF00D360A7 /* Preview Assets.xcassets in Resources */,
				3AF67A6025A64DBF00D360A7 /* Assets.xcassets in Resources */,
			);
			runOnlyForDeploymentPostprocessing = 0;
		};
		3AF67A6725A64DBF00D360A7 /* Resources */ = {
			isa = PBXResourcesBuildPhase;
			buildActionMask = 2147483647;
			files = (
			);
			runOnlyForDeploymentPostprocessing = 0;
		};
		3AF67A7225A64DBF00D360A7 /* Resources */ = {
			isa = PBXResourcesBuildPhase;
			buildActionMask = 2147483647;
			files = (
			);
			runOnlyForDeploymentPostprocessing = 0;
		};
/* End PBXResourcesBuildPhase section */

/* Begin PBXShellScriptBuildPhase section */
		C20EBD192B522B3C00DC3AE5 /* ShellScript */ = {
			isa = PBXShellScriptBuildPhase;
			alwaysOutOfDate = 1;
			buildActionMask = 2147483647;
			files = (
			);
			inputFileListPaths = (
			);
			inputPaths = (
			);
			outputFileListPaths = (
			);
			outputPaths = (
			);
			runOnlyForDeploymentPostprocessing = 0;
			shellPath = /bin/sh;
			shellScript = "# Type a script or drag a script file from your workspace to insert its path.\nif [[ \"$(uname -m)\" == arm64 ]]; then\n    export PATH=\"/opt/homebrew/bin:$PATH\"\nfi\n\nif which swiftlint > /dev/null; then\n  swiftlint --fix && swiftlint\nelse\n  echo \"warning: SwiftLint not installed, download from https://github.com/realm/SwiftLint\"\nfi\n";
		};
/* End PBXShellScriptBuildPhase section */

/* Begin PBXSourcesBuildPhase section */
		3AF67A5425A64DBD00D360A7 /* Sources */ = {
			isa = PBXSourcesBuildPhase;
			buildActionMask = 2147483647;
			files = (
				C2D791932B53120A00D844FE /* VideosListView.swift in Sources */,
				C2D791912B53076000D844FE /* StringExtensions.swift in Sources */,
				C20EBD0F2B52226300DC3AE5 /* SOVideo.swift in Sources */,
				C2D791992B53252C00D844FE /* SOPlayerView.swift in Sources */,
				C2D7918A2B5302F000D844FE /* VideoService.swift in Sources */,
				C2D7918C2B5304A300D844FE /* VideosListViewModel.swift in Sources */,
				C20EBD182B52291300DC3AE5 /* AppEndPoint.swift in Sources */,
				C20EBD112B52270700DC3AE5 /* HttpClient.swift in Sources */,
				C20EBD132B52273400DC3AE5 /* APIError.swift in Sources */,
				C20EBD162B5228E200DC3AE5 /* URLEndPoint.swift in Sources */,
				C20EBD1B2B522C5F00DC3AE5 /* VideosClient.swift in Sources */,
				3AF67A5C25A64DBD00D360A7 /* VideoPlayerSwiftUIApp.swift in Sources */,
				C2D7918F2B5305AA00D844FE /* LoadingState.swift in Sources */,
			);
			runOnlyForDeploymentPostprocessing = 0;
		};
		3AF67A6525A64DBF00D360A7 /* Sources */ = {
			isa = PBXSourcesBuildPhase;
			buildActionMask = 2147483647;
			files = (
				C20EBD1F2B5230A000DC3AE5 /* VideosClientTests.swift in Sources */,
				C20EBD1D2B522E5300DC3AE5 /* EndPointTests.swift in Sources */,
				C2D7919B2B533EB900D844FE /* VideosListViewModelTests.swift in Sources */,
				3AF67A6E25A64DBF00D360A7 /* VideoPlayerSwiftUITests.swift in Sources */,
			);
			runOnlyForDeploymentPostprocessing = 0;
		};
		3AF67A7025A64DBF00D360A7 /* Sources */ = {
			isa = PBXSourcesBuildPhase;
			buildActionMask = 2147483647;
			files = (
				3AF67A7925A64DBF00D360A7 /* VideoPlayerSwiftUIUITests.swift in Sources */,
			);
			runOnlyForDeploymentPostprocessing = 0;
		};
/* End PBXSourcesBuildPhase section */

/* Begin PBXTargetDependency section */
		3AF67A6B25A64DBF00D360A7 /* PBXTargetDependency */ = {
			isa = PBXTargetDependency;
			target = 3AF67A5725A64DBD00D360A7 /* VideoPlayerSwiftUI */;
			targetProxy = 3AF67A6A25A64DBF00D360A7 /* PBXContainerItemProxy */;
		};
		3AF67A7625A64DBF00D360A7 /* PBXTargetDependency */ = {
			isa = PBXTargetDependency;
			target = 3AF67A5725A64DBD00D360A7 /* VideoPlayerSwiftUI */;
			targetProxy = 3AF67A7525A64DBF00D360A7 /* PBXContainerItemProxy */;
		};
/* End PBXTargetDependency section */

/* Begin XCBuildConfiguration section */
		3AF67A7B25A64DBF00D360A7 /* Debug */ = {
			isa = XCBuildConfiguration;
			buildSettings = {
				ALWAYS_SEARCH_USER_PATHS = NO;
				CLANG_ANALYZER_NONNULL = YES;
				CLANG_ANALYZER_NUMBER_OBJECT_CONVERSION = YES_AGGRESSIVE;
				CLANG_CXX_LANGUAGE_STANDARD = "gnu++14";
				CLANG_CXX_LIBRARY = "libc++";
				CLANG_ENABLE_MODULES = YES;
				CLANG_ENABLE_OBJC_ARC = YES;
				CLANG_ENABLE_OBJC_WEAK = YES;
				CLANG_WARN_BLOCK_CAPTURE_AUTORELEASING = YES;
				CLANG_WARN_BOOL_CONVERSION = YES;
				CLANG_WARN_COMMA = YES;
				CLANG_WARN_CONSTANT_CONVERSION = YES;
				CLANG_WARN_DEPRECATED_OBJC_IMPLEMENTATIONS = YES;
				CLANG_WARN_DIRECT_OBJC_ISA_USAGE = YES_ERROR;
				CLANG_WARN_DOCUMENTATION_COMMENTS = YES;
				CLANG_WARN_EMPTY_BODY = YES;
				CLANG_WARN_ENUM_CONVERSION = YES;
				CLANG_WARN_INFINITE_RECURSION = YES;
				CLANG_WARN_INT_CONVERSION = YES;
				CLANG_WARN_NON_LITERAL_NULL_CONVERSION = YES;
				CLANG_WARN_OBJC_IMPLICIT_RETAIN_SELF = YES;
				CLANG_WARN_OBJC_LITERAL_CONVERSION = YES;
				CLANG_WARN_OBJC_ROOT_CLASS = YES_ERROR;
				CLANG_WARN_QUOTED_INCLUDE_IN_FRAMEWORK_HEADER = YES;
				CLANG_WARN_RANGE_LOOP_ANALYSIS = YES;
				CLANG_WARN_STRICT_PROTOTYPES = YES;
				CLANG_WARN_SUSPICIOUS_MOVE = YES;
				CLANG_WARN_UNGUARDED_AVAILABILITY = YES_AGGRESSIVE;
				CLANG_WARN_UNREACHABLE_CODE = YES;
				CLANG_WARN__DUPLICATE_METHOD_MATCH = YES;
				COPY_PHASE_STRIP = NO;
				DEBUG_INFORMATION_FORMAT = dwarf;
				ENABLE_STRICT_OBJC_MSGSEND = YES;
				ENABLE_TESTABILITY = YES;
				GCC_C_LANGUAGE_STANDARD = gnu11;
				GCC_DYNAMIC_NO_PIC = NO;
				GCC_NO_COMMON_BLOCKS = YES;
				GCC_OPTIMIZATION_LEVEL = 0;
				GCC_PREPROCESSOR_DEFINITIONS = (
					"DEBUG=1",
					"$(inherited)",
				);
				GCC_WARN_64_TO_32_BIT_CONVERSION = YES;
				GCC_WARN_ABOUT_RETURN_TYPE = YES_ERROR;
				GCC_WARN_UNDECLARED_SELECTOR = YES;
				GCC_WARN_UNINITIALIZED_AUTOS = YES_AGGRESSIVE;
				GCC_WARN_UNUSED_FUNCTION = YES;
				GCC_WARN_UNUSED_VARIABLE = YES;
				IPHONEOS_DEPLOYMENT_TARGET = 15.0;
				MTL_ENABLE_DEBUG_INFO = INCLUDE_SOURCE;
				MTL_FAST_MATH = YES;
				ONLY_ACTIVE_ARCH = YES;
				SDKROOT = iphoneos;
				SWIFT_ACTIVE_COMPILATION_CONDITIONS = DEBUG;
				SWIFT_OPTIMIZATION_LEVEL = "-Onone";
			};
			name = Debug;
		};
		3AF67A7C25A64DBF00D360A7 /* Release */ = {
			isa = XCBuildConfiguration;
			buildSettings = {
				ALWAYS_SEARCH_USER_PATHS = NO;
				CLANG_ANALYZER_NONNULL = YES;
				CLANG_ANALYZER_NUMBER_OBJECT_CONVERSION = YES_AGGRESSIVE;
				CLANG_CXX_LANGUAGE_STANDARD = "gnu++14";
				CLANG_CXX_LIBRARY = "libc++";
				CLANG_ENABLE_MODULES = YES;
				CLANG_ENABLE_OBJC_ARC = YES;
				CLANG_ENABLE_OBJC_WEAK = YES;
				CLANG_WARN_BLOCK_CAPTURE_AUTORELEASING = YES;
				CLANG_WARN_BOOL_CONVERSION = YES;
				CLANG_WARN_COMMA = YES;
				CLANG_WARN_CONSTANT_CONVERSION = YES;
				CLANG_WARN_DEPRECATED_OBJC_IMPLEMENTATIONS = YES;
				CLANG_WARN_DIRECT_OBJC_ISA_USAGE = YES_ERROR;
				CLANG_WARN_DOCUMENTATION_COMMENTS = YES;
				CLANG_WARN_EMPTY_BODY = YES;
				CLANG_WARN_ENUM_CONVERSION = YES;
				CLANG_WARN_INFINITE_RECURSION = YES;
				CLANG_WARN_INT_CONVERSION = YES;
				CLANG_WARN_NON_LITERAL_NULL_CONVERSION = YES;
				CLANG_WARN_OBJC_IMPLICIT_RETAIN_SELF = YES;
				CLANG_WARN_OBJC_LITERAL_CONVERSION = YES;
				CLANG_WARN_OBJC_ROOT_CLASS = YES_ERROR;
				CLANG_WARN_QUOTED_INCLUDE_IN_FRAMEWORK_HEADER = YES;
				CLANG_WARN_RANGE_LOOP_ANALYSIS = YES;
				CLANG_WARN_STRICT_PROTOTYPES = YES;
				CLANG_WARN_SUSPICIOUS_MOVE = YES;
				CLANG_WARN_UNGUARDED_AVAILABILITY = YES_AGGRESSIVE;
				CLANG_WARN_UNREACHABLE_CODE = YES;
				CLANG_WARN__DUPLICATE_METHOD_MATCH = YES;
				COPY_PHASE_STRIP = NO;
				DEBUG_INFORMATION_FORMAT = "dwarf-with-dsym";
				ENABLE_NS_ASSERTIONS = NO;
				ENABLE_STRICT_OBJC_MSGSEND = YES;
				GCC_C_LANGUAGE_STANDARD = gnu11;
				GCC_NO_COMMON_BLOCKS = YES;
				GCC_WARN_64_TO_32_BIT_CONVERSION = YES;
				GCC_WARN_ABOUT_RETURN_TYPE = YES_ERROR;
				GCC_WARN_UNDECLARED_SELECTOR = YES;
				GCC_WARN_UNINITIALIZED_AUTOS = YES_AGGRESSIVE;
				GCC_WARN_UNUSED_FUNCTION = YES;
				GCC_WARN_UNUSED_VARIABLE = YES;
				IPHONEOS_DEPLOYMENT_TARGET = 15.0;
				MTL_ENABLE_DEBUG_INFO = NO;
				MTL_FAST_MATH = YES;
				SDKROOT = iphoneos;
				SWIFT_COMPILATION_MODE = wholemodule;
				SWIFT_OPTIMIZATION_LEVEL = "-O";
				VALIDATE_PRODUCT = YES;
			};
			name = Release;
		};
		3AF67A7E25A64DBF00D360A7 /* Debug */ = {
			isa = XCBuildConfiguration;
			buildSettings = {
				ASSETCATALOG_COMPILER_APPICON_NAME = AppIcon;
				ASSETCATALOG_COMPILER_GLOBAL_ACCENT_COLOR_NAME = AccentColor;
				CODE_SIGN_STYLE = Automatic;
				DEVELOPMENT_ASSET_PATHS = "\"VideoPlayerSwiftUI/Preview Content\"";
				ENABLE_PREVIEWS = YES;
				INFOPLIST_FILE = VideoPlayerSwiftUI/Info.plist;
				IPHONEOS_DEPLOYMENT_TARGET = 15.0;
				LD_RUNPATH_SEARCH_PATHS = (
					"$(inherited)",
					"@executable_path/Frameworks",
				);
				PRODUCT_BUNDLE_IDENTIFIER = com.silverorange.VideoPlayerSwiftUI;
				PRODUCT_NAME = "$(TARGET_NAME)";
				SWIFT_VERSION = 5.0;
				TARGETED_DEVICE_FAMILY = "1,2";
			};
			name = Debug;
		};
		3AF67A7F25A64DBF00D360A7 /* Release */ = {
			isa = XCBuildConfiguration;
			buildSettings = {
				ASSETCATALOG_COMPILER_APPICON_NAME = AppIcon;
				ASSETCATALOG_COMPILER_GLOBAL_ACCENT_COLOR_NAME = AccentColor;
				CODE_SIGN_STYLE = Automatic;
				DEVELOPMENT_ASSET_PATHS = "\"VideoPlayerSwiftUI/Preview Content\"";
				ENABLE_PREVIEWS = YES;
				INFOPLIST_FILE = VideoPlayerSwiftUI/Info.plist;
				IPHONEOS_DEPLOYMENT_TARGET = 15.0;
				LD_RUNPATH_SEARCH_PATHS = (
					"$(inherited)",
					"@executable_path/Frameworks",
				);
				PRODUCT_BUNDLE_IDENTIFIER = com.silverorange.VideoPlayerSwiftUI;
				PRODUCT_NAME = "$(TARGET_NAME)";
				SWIFT_VERSION = 5.0;
				TARGETED_DEVICE_FAMILY = "1,2";
			};
			name = Release;
		};
		3AF67A8125A64DBF00D360A7 /* Debug */ = {
			isa = XCBuildConfiguration;
			buildSettings = {
				ALWAYS_EMBED_SWIFT_STANDARD_LIBRARIES = YES;
				BUNDLE_LOADER = "$(TEST_HOST)";
				CODE_SIGN_STYLE = Automatic;
				INFOPLIST_FILE = VideoPlayerSwiftUITests/Info.plist;
				IPHONEOS_DEPLOYMENT_TARGET = 15.0;
				LD_RUNPATH_SEARCH_PATHS = (
					"$(inherited)",
					"@executable_path/Frameworks",
					"@loader_path/Frameworks",
				);
				PRODUCT_BUNDLE_IDENTIFIER = com.silverorange.VideoPlayerSwiftUITests;
				PRODUCT_NAME = "$(TARGET_NAME)";
				SWIFT_VERSION = 5.0;
				TARGETED_DEVICE_FAMILY = "1,2";
				TEST_HOST = "$(BUILT_PRODUCTS_DIR)/VideoPlayerSwiftUI.app/VideoPlayerSwiftUI";
			};
			name = Debug;
		};
		3AF67A8225A64DBF00D360A7 /* Release */ = {
			isa = XCBuildConfiguration;
			buildSettings = {
				ALWAYS_EMBED_SWIFT_STANDARD_LIBRARIES = YES;
				BUNDLE_LOADER = "$(TEST_HOST)";
				CODE_SIGN_STYLE = Automatic;
				INFOPLIST_FILE = VideoPlayerSwiftUITests/Info.plist;
				IPHONEOS_DEPLOYMENT_TARGET = 15.0;
				LD_RUNPATH_SEARCH_PATHS = (
					"$(inherited)",
					"@executable_path/Frameworks",
					"@loader_path/Frameworks",
				);
				PRODUCT_BUNDLE_IDENTIFIER = com.silverorange.VideoPlayerSwiftUITests;
				PRODUCT_NAME = "$(TARGET_NAME)";
				SWIFT_VERSION = 5.0;
				TARGETED_DEVICE_FAMILY = "1,2";
				TEST_HOST = "$(BUILT_PRODUCTS_DIR)/VideoPlayerSwiftUI.app/VideoPlayerSwiftUI";
			};
			name = Release;
		};
		3AF67A8425A64DBF00D360A7 /* Debug */ = {
			isa = XCBuildConfiguration;
			buildSettings = {
				ALWAYS_EMBED_SWIFT_STANDARD_LIBRARIES = YES;
				CODE_SIGN_STYLE = Automatic;
				INFOPLIST_FILE = VideoPlayerSwiftUIUITests/Info.plist;
				LD_RUNPATH_SEARCH_PATHS = (
					"$(inherited)",
					"@executable_path/Frameworks",
					"@loader_path/Frameworks",
				);
				PRODUCT_BUNDLE_IDENTIFIER = com.silverorange.VideoPlayerSwiftUIUITests;
				PRODUCT_NAME = "$(TARGET_NAME)";
				SWIFT_VERSION = 5.0;
				TARGETED_DEVICE_FAMILY = "1,2";
				TEST_TARGET_NAME = VideoPlayerSwiftUI;
			};
			name = Debug;
		};
		3AF67A8525A64DBF00D360A7 /* Release */ = {
			isa = XCBuildConfiguration;
			buildSettings = {
				ALWAYS_EMBED_SWIFT_STANDARD_LIBRARIES = YES;
				CODE_SIGN_STYLE = Automatic;
				INFOPLIST_FILE = VideoPlayerSwiftUIUITests/Info.plist;
				LD_RUNPATH_SEARCH_PATHS = (
					"$(inherited)",
					"@executable_path/Frameworks",
					"@loader_path/Frameworks",
				);
				PRODUCT_BUNDLE_IDENTIFIER = com.silverorange.VideoPlayerSwiftUIUITests;
				PRODUCT_NAME = "$(TARGET_NAME)";
				SWIFT_VERSION = 5.0;
				TARGETED_DEVICE_FAMILY = "1,2";
				TEST_TARGET_NAME = VideoPlayerSwiftUI;
			};
			name = Release;
		};
/* End XCBuildConfiguration section */

/* Begin XCConfigurationList section */
		3AF67A5325A64DBD00D360A7 /* Build configuration list for PBXProject "VideoPlayerSwiftUI" */ = {
			isa = XCConfigurationList;
			buildConfigurations = (
				3AF67A7B25A64DBF00D360A7 /* Debug */,
				3AF67A7C25A64DBF00D360A7 /* Release */,
			);
			defaultConfigurationIsVisible = 0;
			defaultConfigurationName = Release;
		};
		3AF67A7D25A64DBF00D360A7 /* Build configuration list for PBXNativeTarget "VideoPlayerSwiftUI" */ = {
			isa = XCConfigurationList;
			buildConfigurations = (
				3AF67A7E25A64DBF00D360A7 /* Debug */,
				3AF67A7F25A64DBF00D360A7 /* Release */,
			);
			defaultConfigurationIsVisible = 0;
			defaultConfigurationName = Release;
		};
		3AF67A8025A64DBF00D360A7 /* Build configuration list for PBXNativeTarget "VideoPlayerSwiftUITests" */ = {
			isa = XCConfigurationList;
			buildConfigurations = (
				3AF67A8125A64DBF00D360A7 /* Debug */,
				3AF67A8225A64DBF00D360A7 /* Release */,
			);
			defaultConfigurationIsVisible = 0;
			defaultConfigurationName = Release;
		};
		3AF67A8325A64DBF00D360A7 /* Build configuration list for PBXNativeTarget "VideoPlayerSwiftUIUITests" */ = {
			isa = XCConfigurationList;
			buildConfigurations = (
				3AF67A8425A64DBF00D360A7 /* Debug */,
				3AF67A8525A64DBF00D360A7 /* Release */,
			);
			defaultConfigurationIsVisible = 0;
			defaultConfigurationName = Release;
		};
/* End XCConfigurationList section */

/* Begin XCRemoteSwiftPackageReference section */
		C2D791942B5314D500D844FE /* XCRemoteSwiftPackageReference "swift-markdown-ui" */ = {
			isa = XCRemoteSwiftPackageReference;
			repositoryURL = "https://github.com/gonzalezreal/swift-markdown-ui";
			requirement = {
				kind = upToNextMajorVersion;
				minimumVersion = 2.3.0;
			};
		};
/* End XCRemoteSwiftPackageReference section */

/* Begin XCSwiftPackageProductDependency section */
		C2D791952B5314D500D844FE /* MarkdownUI */ = {
			isa = XCSwiftPackageProductDependency;
			package = C2D791942B5314D500D844FE /* XCRemoteSwiftPackageReference "swift-markdown-ui" */;
			productName = MarkdownUI;
		};
/* End XCSwiftPackageProductDependency section */
	};
	rootObject = 3AF67A5025A64DBD00D360A7 /* Project object */;
}
